
Microsoft Visual Studio Solution File, Format Version 12.00
# Visual Studio 15
VisualStudioVersion = 15.0.28307.329
MinimumVisualStudioVersion = 10.0.40219.1
Project("{FAE04EC0-301F-11D3-BF4B-00C04F79EFBC}") = "MovieStore.DataAccess", "MovieStore.DataAccess\MovieStore.DataAccess.csproj", "{FC7A4D47-47D9-4FCD-8709-401716C92D4A}"
EndProject
Project("{FAE04EC0-301F-11D3-BF4B-00C04F79EFBC}") = "MovieStore.BusinessLogic", "MovieStore.BusinessLogic\MovieStore.BusinessLogic.csproj", "{AE5CE4C3-D98E-4BE3-B8BE-6A38163AA7A7}"
EndProject
Project("{FAE04EC0-301F-11D3-BF4B-00C04F79EFBC}") = "MovieStore.Web", "MovieStore.Web\MovieStore.Web.csproj", "{8BA8C27E-EF66-426E-8E6A-669BD441DD4E}"
EndProject
Global
	GlobalSection(SolutionConfigurationPlatforms) = preSolution
		Debug|Any CPU = Debug|Any CPU
		Release|Any CPU = Release|Any CPU
	EndGlobalSection
	GlobalSection(ProjectConfigurationPlatforms) = postSolution
		{FC7A4D47-47D9-4FCD-8709-401716C92D4A}.Debug|Any CPU.ActiveCfg = Debug|Any CPU
		{FC7A4D47-47D9-4FCD-8709-401716C92D4A}.Debug|Any CPU.Build.0 = Debug|Any CPU
		{FC7A4D47-47D9-4FCD-8709-401716C92D4A}.Release|Any CPU.ActiveCfg = Release|Any CPU
		{FC7A4D47-47D9-4FCD-8709-401716C92D4A}.Release|Any CPU.Build.0 = Release|Any CPU
		{AE5CE4C3-D98E-4BE3-B8BE-6A38163AA7A7}.Debug|Any CPU.ActiveCfg = Debug|Any CPU
		{AE5CE4C3-D98E-4BE3-B8BE-6A38163AA7A7}.Debug|Any CPU.Build.0 = Debug|Any CPU
		{AE5CE4C3-D98E-4BE3-B8BE-6A38163AA7A7}.Release|Any CPU.ActiveCfg = Release|Any CPU
		{AE5CE4C3-D98E-4BE3-B8BE-6A38163AA7A7}.Release|Any CPU.Build.0 = Release|Any CPU
		{8BA8C27E-EF66-426E-8E6A-669BD441DD4E}.Debug|Any CPU.ActiveCfg = Debug|Any CPU
		{8BA8C27E-EF66-426E-8E6A-669BD441DD4E}.Debug|Any CPU.Build.0 = Debug|Any CPU
		{8BA8C27E-EF66-426E-8E6A-669BD441DD4E}.Release|Any CPU.ActiveCfg = Release|Any CPU
		{8BA8C27E-EF66-426E-8E6A-669BD441DD4E}.Release|Any CPU.Build.0 = Release|Any CPU
	EndGlobalSection
	GlobalSection(SolutionProperties) = preSolution
		HideSolutionNode = FALSE
	EndGlobalSection
	GlobalSection(ExtensibilityGlobals) = postSolution
		SolutionGuid = {5A4C5152-118A-4F94-81B0-7E38E2AE99F6}
	EndGlobalSection
EndGlobal
